{
  "version": "2",
  "remote": {
    "https://deno.land/std@0.192.0/_util/asserts.ts": "178dfc49a464aee693a7e285567b3d0b555dc805ff490505a8aae34f9cfb1462",
    "https://deno.land/std@0.192.0/async/deferred.ts": "42790112f36a75a57db4a96d33974a936deb7b04d25c6084a9fa8a49f135def8",
    "https://deno.land/std@0.192.0/bytes/bytes_list.ts": "31d664f4d42fa922066405d0e421c56da89d751886ee77bbe25a88bf0310c9d0",
    "https://deno.land/std@0.192.0/bytes/concat.ts": "d26d6f3d7922e6d663dacfcd357563b7bf4a380ce5b9c2bbe0c8586662f25ce2",
    "https://deno.land/std@0.192.0/bytes/copy.ts": "939d89e302a9761dcf1d9c937c7711174ed74c59eef40a1e4569a05c9de88219",
    "https://deno.land/std@0.192.0/fmt/colors.ts": "d67e3cd9f472535241a8e410d33423980bec45047e343577554d3356e1f0ef4e",
    "https://deno.land/std@0.192.0/io/buf_reader.ts": "06fff3337091c49e99ebd2dd790c9a90364c087a2953ea081667400fd6c6cebb",
    "https://deno.land/std@0.192.0/io/buf_writer.ts": "48c33c8f00b61dcbc7958706741cec8e59810bd307bc6a326cbd474fe8346dfd",
    "https://deno.land/std@0.192.0/io/buffer.ts": "17f4410eaaa60a8a85733e8891349a619eadfbbe42e2f319283ce2b8f29723ab",
    "https://deno.land/std@0.192.0/io/copy_n.ts": "0cc7ce07c75130f6fc18621ec1911c36e147eb9570664fee0ea12b1988167590",
    "https://deno.land/std@0.192.0/io/limited_reader.ts": "6c9a216f8eef39c1ee2a6b37a29372c8fc63455b2eeb91f06d9646f8f759fc8b",
    "https://deno.land/std@0.192.0/io/mod.ts": "2665bcccc1fd6e8627cca167c3e92aaecbd9897556b6f69e6d258070ef63fd9b",
    "https://deno.land/std@0.192.0/io/multi_reader.ts": "9c2a0a31686c44b277e16da1d97b4686a986edcee48409b84be25eedbc39b271",
    "https://deno.land/std@0.192.0/io/read_delim.ts": "c02b93cc546ae8caad8682ae270863e7ace6daec24c1eddd6faabc95a9d876a3",
    "https://deno.land/std@0.192.0/io/read_int.ts": "7cb8bcdfaf1107586c3bacc583d11c64c060196cb070bb13ae8c2061404f911f",
    "https://deno.land/std@0.192.0/io/read_lines.ts": "c526c12a20a9386dc910d500f9cdea43cba974e853397790bd146817a7eef8cc",
    "https://deno.land/std@0.192.0/io/read_long.ts": "f0aaa420e3da1261c5d33c5e729f09922f3d9fa49f046258d4ff7a00d800c71e",
    "https://deno.land/std@0.192.0/io/read_range.ts": "28152daf32e43dd9f7d41d8466852b0d18ad766cd5c4334c91fef6e1b3a74eb5",
    "https://deno.land/std@0.192.0/io/read_short.ts": "805cb329574b850b84bf14a92c052c59b5977a492cd780c41df8ad40826c1a20",
    "https://deno.land/std@0.192.0/io/read_string_delim.ts": "5dc9f53bdf78e7d4ee1e56b9b60352238ab236a71c3e3b2a713c3d78472a53ce",
    "https://deno.land/std@0.192.0/io/slice_long_to_bytes.ts": "48d9bace92684e880e46aa4a2520fc3867f9d7ce212055f76ecc11b22f9644b7",
    "https://deno.land/std@0.192.0/io/string_reader.ts": "da0f68251b3d5b5112485dfd4d1b1936135c9b4d921182a7edaf47f74c25cc8f",
    "https://deno.land/std@0.192.0/io/string_writer.ts": "8a03c5858c24965a54c6538bed15f32a7c72f5704a12bda56f83a40e28e5433e",
    "https://deno.land/std@0.192.0/testing/_diff.ts": "1a3c044aedf77647d6cac86b798c6417603361b66b54c53331b312caeb447aea",
    "https://deno.land/std@0.192.0/testing/_format.ts": "a69126e8a469009adf4cf2a50af889aca364c349797e63174884a52ff75cf4c7",
    "https://deno.land/std@0.192.0/testing/_test_suite.ts": "30f018feeb3835f12ab198d8a518f9089b1bcb2e8c838a8b615ab10d5005465c",
    "https://deno.land/std@0.192.0/testing/asserts.ts": "e16d98b4d73ffc4ed498d717307a12500ae4f2cbe668f1a215632d19fcffc22f",
    "https://deno.land/std@0.192.0/testing/bdd.ts": "59f7f7503066d66a12e50ace81bfffae5b735b6be1208f5684b630ae6b4de1d0",
    "https://deno.land/std@0.192.0/testing/mock.ts": "220ed9b8151cb2cac141043d4cfea7c47673fab5d18d1c1f0943297c8afb5d13",
    "https://deno.land/std@0.193.0/async/abortable.ts": "fd682fa46f3b7b16b4606a5ab52a7ce309434b76f820d3221bdfb862719a15d7",
    "https://deno.land/std@0.193.0/async/deferred.ts": "42790112f36a75a57db4a96d33974a936deb7b04d25c6084a9fa8a49f135def8",
    "https://deno.land/std@0.193.0/streams/_common.ts": "f45cba84f0d813de3326466095539602364a9ba521f804cc758f7a475cda692d",
    "https://deno.land/std@0.193.0/streams/readable_stream_from_reader.ts": "bfc416c4576a30aac6b9af22c9dc292c20c6742141ee7c55b5e85460beb0c54e",
    "https://deno.land/std@0.87.0/_util/assert.ts": "2f868145a042a11d5ad0a3c748dcf580add8a0dbc0e876eaa0026303a5488f58",
    "https://deno.land/std@0.87.0/bytes/mod.ts": "1ae1ccfe98c4b979f12b015982c7444f81fcb921bea7aa215bf37d84f46e1e13",
    "https://deno.land/std@0.87.0/io/bufio.ts": "60d292248c8b32b3d8d13a4336b0c381b2dce5b9c9b50a4930205dea87eaf456",
    "https://deno.land/x/ask@1.0.6/mod.ts": "96539a1177ec2dd009920d9d91078950645e65e06619055925e08c96915d7e9a",
    "https://deno.land/x/ask@1.0.6/src/core/prompt.ts": "909276150e08013b61b6f5625cdb9918bc93e91b2f06a3ecf02e754745104d45",
    "https://deno.land/x/ask@1.0.6/src/core/result.ts": "d3f1ed5f670a76349b07453d34de2ebdd6940487a796ae00dbdde7f3a6ac9989",
    "https://deno.land/x/ask@1.0.6/src/core/text.ts": "3978b9f2b9b7c824582ee760138e1de4cd9c7cfc91aec75cebabf05cf27c29b9",
    "https://deno.land/x/ask@1.0.6/src/types/confirm.ts": "5e2ab79809a070e715a02da7f4a403209b07ff4a799befde5f3e258172c990ef",
    "https://deno.land/x/ask@1.0.6/src/types/input.ts": "3ebbdfdcffa6e5bfc88e47bb7bf4c8e3454c566534e2dbe7f75aefa89029c5bb",
    "https://deno.land/x/ask@1.0.6/src/types/number.ts": "5356ce3a7f357aec2775a6c939b73ccae2437757fd6acdb6c30eeabb190aefca",
    "https://deno.land/x/input@1.0.3/history.ts": "2bf06a8f93434ec5274d247eb976ff564fd2ba3681d2e2e423762fc891989f76",
    "https://deno.land/x/input@1.0.3/index.ts": "4985f4f1218e578bfd946a15a9a26064f69faf33b2a3b8805e9a8cbeb7b06865",
    "https://deno.land/x/input@1.0.3/printer.ts": "25232efe921845d6df5ed3df57785894e8a8bdad54ad87eeacec4985402042d9",
    "https://deno.land/x/input@1.0.3/types.ts": "229e7bccbf56d9cd2c69672a7c8c64da88f2b11dabd5cc6870c63bb6c1bde215",
    "https://deno.land/x/iro@1.0.3/mod.ts": "ac3bdb5d5373a0b623652bd79ab552c1305e5eabb2872438dfef9c1499611676",
    "https://deno.land/x/iro@1.0.3/src/iro.ts": "b1791e78b57defbd22263a5976da1865873501a6033d2e51070919ad97646995"
  },
  "npm": {
    "specifiers": {
      "@effect/data": "@effect/data@0.12.10",
      "@effect/io@0.29.1": "@effect/io@0.29.1",
      "@effect/test": "@effect/test@0.1.0",
      "@inquirer/prompts": "@inquirer/prompts@2.3.0",
      "why-is-node-running": "why-is-node-running@2.2.2"
    },
    "packages": {
      "@effect/data@0.1.3": {
        "integrity": "sha512-2z0DQ/rPa/cpZkc32PAFNeufD3Jdgdh9NE5b74CeBwr1JUyJOj2IdOLnGNjm+MAwua7+YiXGvJhupe3wrbFiSg==",
        "dependencies": {}
      },
      "@effect/data@0.12.10": {
        "integrity": "sha512-zIz/DgumH2LgGdr1Wc9ChET5JSG0k/G5kDc8rn4a6yIJ0v2d5rfnbRWIJO2fWmdFvc+128JyaBvYguIyz9JaAQ==",
        "dependencies": {}
      },
      "@effect/data@0.2.0": {
        "integrity": "sha512-1hSNjR0LX3zsGxCB8wykSNZ4OHXoA9NjeWlxgjmxcCOkYyMH+3exxJu/9GbkXt/35zaZE0KDFyMwfvrr20zRKw==",
        "dependencies": {}
      },
      "@effect/io@0.2.0": {
        "integrity": "sha512-ILZc8+qO4CbIYef1KxU3IIXuZh+04I5IOh3xW0voT8tKuXSvXGeRf4wsBoxo6+HQwURfp8I7FVghPROwXRkbJw==",
        "dependencies": {
          "@effect/data": "@effect/data@0.1.3"
        }
      },
      "@effect/io@0.29.1": {
        "integrity": "sha512-HOegsIPtRPqxM9wI3hkKStTp1bIc2LvLbwvEEPxD/bjIqCZz3dI8Eb1YTFSasAr1fPhnIqyO9o1TAIEE7raPUw==",
        "dependencies": {
          "@effect/data": "@effect/data@0.12.10"
        }
      },
      "@effect/io@0.3.1": {
        "integrity": "sha512-mcUWfA0eVNGklL9rx7pOAiRxd5TOmjJMxvBapb7fPiarYJCPJgvCPRxOi2mWb31buDN0Z9v3C8DE9KKLE8Yv3w==",
        "dependencies": {
          "@effect/data": "@effect/data@0.2.0"
        }
      },
      "@effect/stream@0.4.0": {
        "integrity": "sha512-GLZyWoUIIwc7HszdhjWCcnIye8aRHElt8A0jvdO8z/XG0uaEFT5KDhXZ/3eihIQOZfFs5X74MVCQyMGloXAUMA==",
        "dependencies": {
          "@effect/data": "@effect/data@0.1.3",
          "@effect/io": "@effect/io@0.2.0"
        }
      },
      "@effect/test@0.1.0": {
        "integrity": "sha512-50WbrMEt8jwqhPVXeIgfU18D2l17rtcpUhFQjF55caUnrv1bF1dI0nzeA5bgpQCYdpCjmQlEEDA26/J9DT2wIw==",
        "dependencies": {
          "@effect/data": "@effect/data@0.2.0",
          "@effect/io": "@effect/io@0.3.1",
          "@effect/stream": "@effect/stream@0.4.0"
        }
      },
      "@inquirer/checkbox@1.3.3": {
        "integrity": "sha512-iiAQtwEuMJsQy70Ix4poNauWPLDb8bDo9vQGMGmBEVpAKV2wDOwNvgxSsst3sfPB29iMO2+4NkGCf7hxlMJayw==",
        "dependencies": {
          "@inquirer/core": "@inquirer/core@2.3.0",
          "@inquirer/type": "@inquirer/type@1.1.0",
          "ansi-escapes": "ansi-escapes@4.3.2",
          "chalk": "chalk@4.1.2",
          "figures": "figures@3.2.0"
        }
      },
      "@inquirer/confirm@2.0.4": {
        "integrity": "sha512-wL8TS2vdrYWUypIw4XiwnNhk8k6T0PRE6nsyva8PtKP3MZxd7bKgmmhdl8OqApAFZgW6SWobPCOQNkiAIIOjjQ==",
        "dependencies": {
          "@inquirer/core": "@inquirer/core@2.3.0",
          "@inquirer/type": "@inquirer/type@1.1.0",
          "chalk": "chalk@4.1.2"
        }
      },
      "@inquirer/core@2.3.0": {
        "integrity": "sha512-JoJtfplpSa0HOzsCaZA5gcUyibTlMb9h/+d9BiP55OHEB5l2jaQZ/hSnIgjVtyox1BhDYmppzUoa5n1BXc3+aQ==",
        "dependencies": {
          "@inquirer/type": "@inquirer/type@1.1.0",
          "ansi-escapes": "ansi-escapes@4.3.2",
          "chalk": "chalk@4.1.2",
          "cli-spinners": "cli-spinners@2.9.0",
          "cli-width": "cli-width@4.0.0",
          "figures": "figures@3.2.0",
          "mute-stream": "mute-stream@1.0.0",
          "run-async": "run-async@3.0.0",
          "string-width": "string-width@4.2.3",
          "strip-ansi": "strip-ansi@6.0.1",
          "wrap-ansi": "wrap-ansi@6.2.0"
        }
      },
      "@inquirer/editor@1.2.2": {
        "integrity": "sha512-jIUC7Wy4LXZU/7/DQ2W/sWsyTr8k00QRBWc2fsUlWg+rgoLWV/Gy60irbuyp/VCu/jQ/AHRnEz4sS2IJnSxDjA==",
        "dependencies": {
          "@inquirer/core": "@inquirer/core@2.3.0",
          "@inquirer/type": "@inquirer/type@1.1.0",
          "chalk": "chalk@4.1.2",
          "external-editor": "external-editor@3.1.0"
        }
      },
      "@inquirer/expand@1.1.3": {
        "integrity": "sha512-rd2IH4Na6/EoSdEBwj3PoXQ9XjisrktAaSh8XWLiZs/RbsJh00KQmgVxfSJmVxQNw97vYLPc79UBYRkhvgrnng==",
        "dependencies": {
          "@inquirer/core": "@inquirer/core@2.3.0",
          "@inquirer/type": "@inquirer/type@1.1.0",
          "chalk": "chalk@4.1.2",
          "figures": "figures@3.2.0"
        }
      },
      "@inquirer/input@1.2.3": {
        "integrity": "sha512-JDe8Lnl++K+yvqHvMObjxO26/YXpOuJY2Eso5XiTA1TAfGHkQGuRFcemfUK5zuUwuLvYr2fOUiSFBJw+6+w59Q==",
        "dependencies": {
          "@inquirer/core": "@inquirer/core@2.3.0",
          "@inquirer/type": "@inquirer/type@1.1.0",
          "chalk": "chalk@4.1.2"
        }
      },
      "@inquirer/password@1.1.3": {
        "integrity": "sha512-bGF0FFCMLyS4144SX3kqnaM9qpRQ5KFv/B3C3Ya/l/aTNu9+tTSP2y4z0AB8po8BfA9LTfDebcrlM0VFVTBxng==",
        "dependencies": {
          "@inquirer/input": "@inquirer/input@1.2.3",
          "@inquirer/type": "@inquirer/type@1.1.0",
          "chalk": "chalk@4.1.2"
        }
      },
      "@inquirer/prompts@2.3.0": {
        "integrity": "sha512-x79tSDIZAibOl9WaBoOuyaQqNnisOO8Pk0qWyulP/nPaD/WkoRvkzk7hR4WTRmWAyE8CNbjdYgGltvd0qmvCGQ==",
        "dependencies": {
          "@inquirer/checkbox": "@inquirer/checkbox@1.3.3",
          "@inquirer/confirm": "@inquirer/confirm@2.0.4",
          "@inquirer/core": "@inquirer/core@2.3.0",
          "@inquirer/editor": "@inquirer/editor@1.2.2",
          "@inquirer/expand": "@inquirer/expand@1.1.3",
          "@inquirer/input": "@inquirer/input@1.2.3",
          "@inquirer/password": "@inquirer/password@1.1.3",
          "@inquirer/rawlist": "@inquirer/rawlist@1.2.3",
          "@inquirer/select": "@inquirer/select@1.2.3"
        }
      },
      "@inquirer/rawlist@1.2.3": {
        "integrity": "sha512-Rmb+5Ju7JHN1xTa1H7BwO5vsy3FqQz7kefEAGoZOawfeeB1zenJolb7LKVvv3nrpH16itDLl79sBTixokoe9lg==",
        "dependencies": {
          "@inquirer/core": "@inquirer/core@2.3.0",
          "@inquirer/type": "@inquirer/type@1.1.0",
          "chalk": "chalk@4.1.2"
        }
      },
      "@inquirer/select@1.2.3": {
        "integrity": "sha512-kipYkf5iVok9i22YSLJiwf4m0Ek6S67tJm20jJr/kjuSmbnbpO0mJGFuhgbrGS4uDqkeEOB3tQ81mqb7cVIVbA==",
        "dependencies": {
          "@inquirer/core": "@inquirer/core@2.3.0",
          "@inquirer/type": "@inquirer/type@1.1.0",
          "ansi-escapes": "ansi-escapes@4.3.2",
          "chalk": "chalk@4.1.2",
          "figures": "figures@3.2.0"
        }
      },
      "@inquirer/type@1.1.0": {
        "integrity": "sha512-XMaorygt2o/mXinZg/OOz6d3JKuV3o4jRc/3KDiVPeKLLkjiO4iJErbLKtKn+Od2ZC2lbiFQkrIuloVpEubisA==",
        "dependencies": {}
      },
      "ansi-escapes@4.3.2": {
        "integrity": "sha512-gKXj5ALrKWQLsYG9jlTRmR/xKluxHV+Z9QEwNIgCfM1/uwPMCuzVVnh5mwTd+OuBZcwSIMbqssNWRm1lE51QaQ==",
        "dependencies": {
          "type-fest": "type-fest@0.21.3"
        }
      },
      "ansi-regex@5.0.1": {
        "integrity": "sha512-quJQXlTSUGL2LH9SUXo8VwsY4soanhgo6LNSm84E1LBcE8s3O0wpdiRzyR9z/ZZJMlMWv37qOOb9pdJlMUEKFQ==",
        "dependencies": {}
      },
      "ansi-styles@4.3.0": {
        "integrity": "sha512-zbB9rCJAT1rbjiVDb2hqKFHNYLxgtk8NURxZ3IZwD3F6NtxbXZQCnnSi1Lkx+IDohdPlFp222wVALIheZJQSEg==",
        "dependencies": {
          "color-convert": "color-convert@2.0.1"
        }
      },
      "chalk@4.1.2": {
        "integrity": "sha512-oKnbhFyRIXpUuez8iBMmyEa4nbj4IOQyuhc/wy9kY7/WVPcwIO9VA668Pu8RkO7+0G76SLROeyw9CpQ061i4mA==",
        "dependencies": {
          "ansi-styles": "ansi-styles@4.3.0",
          "supports-color": "supports-color@7.2.0"
        }
      },
      "chardet@0.7.0": {
        "integrity": "sha512-mT8iDcrh03qDGRRmoA2hmBJnxpllMR+0/0qlzjqZES6NdiWDcZkCNAk4rPFZ9Q85r27unkiNNg8ZOiwZXBHwcA==",
        "dependencies": {}
      },
      "cli-spinners@2.9.0": {
        "integrity": "sha512-4/aL9X3Wh0yiMQlE+eeRhWP6vclO3QRtw1JHKIT0FFUs5FjpFmESqtMvYZ0+lbzBw900b95mS0hohy+qn2VK/g==",
        "dependencies": {}
      },
      "cli-width@4.0.0": {
        "integrity": "sha512-ZksGS2xpa/bYkNzN3BAw1wEjsLV/ZKOf/CCrJ/QOBsxx6fOARIkwTutxp1XIOIohi6HKmOFjMoK/XaqDVUpEEw==",
        "dependencies": {}
      },
      "color-convert@2.0.1": {
        "integrity": "sha512-RRECPsj7iu/xb5oKYcsFHSppFNnsj/52OVTRKb4zP5onXwVF3zVmmToNcOfGC+CRDpfK/U584fMg38ZHCaElKQ==",
        "dependencies": {
          "color-name": "color-name@1.1.4"
        }
      },
      "color-name@1.1.4": {
        "integrity": "sha512-dOy+3AuW3a2wNbZHIuMZpTcgjGuLU/uBL/ubcZF9OXbDo8ff4O8yVp5Bf0efS8uEoYo5q4Fx7dY9OgQGXgAsQA==",
        "dependencies": {}
      },
      "emoji-regex@8.0.0": {
        "integrity": "sha512-MSjYzcWNOA0ewAHpz0MxpYFvwg6yjy1NG3xteoqz644VCo/RPgnr1/GGt+ic3iJTzQ8Eu3TdM14SawnVUmGE6A==",
        "dependencies": {}
      },
      "escape-string-regexp@1.0.5": {
        "integrity": "sha512-vbRorB5FUQWvla16U8R/qgaFIya2qGzwDrNmCZuYKrbdSUMG6I1ZCGQRefkRVhuOkIGVne7BQ35DSfo1qvJqFg==",
        "dependencies": {}
      },
      "external-editor@3.1.0": {
        "integrity": "sha512-hMQ4CX1p1izmuLYyZqLMO/qGNw10wSv9QDCPfzXfyFrOaCSSoRfqE1Kf1s5an66J5JZC62NewG+mK49jOCtQew==",
        "dependencies": {
          "chardet": "chardet@0.7.0",
          "iconv-lite": "iconv-lite@0.4.24",
          "tmp": "tmp@0.0.33"
        }
      },
      "figures@3.2.0": {
        "integrity": "sha512-yaduQFRKLXYOGgEn6AZau90j3ggSOyiqXU0F9JZfeXYhNa+Jk4X+s45A2zg5jns87GAFa34BBm2kXw4XpNcbdg==",
        "dependencies": {
          "escape-string-regexp": "escape-string-regexp@1.0.5"
        }
      },
      "has-flag@4.0.0": {
        "integrity": "sha512-EykJT/Q1KjTWctppgIAgfSO0tKVuZUjhgMr17kqTumMl6Afv3EISleU7qZUzoXDFTAHTDC4NOoG/ZxU3EvlMPQ==",
        "dependencies": {}
      },
      "iconv-lite@0.4.24": {
        "integrity": "sha512-v3MXnZAcvnywkTUEZomIActle7RXXeedOR31wwl7VlyoXO4Qi9arvSenNQWne1TcRwhCL1HwLI21bEqdpj8/rA==",
        "dependencies": {
          "safer-buffer": "safer-buffer@2.1.2"
        }
      },
      "is-fullwidth-code-point@3.0.0": {
        "integrity": "sha512-zymm5+u+sCsSWyD9qNaejV3DFvhCKclKdizYaJUuHA83RLjb7nSuGnddCHGv0hk+KY7BMAlsWeK4Ueg6EV6XQg==",
        "dependencies": {}
      },
      "mute-stream@1.0.0": {
        "integrity": "sha512-avsJQhyd+680gKXyG/sQc0nXaC6rBkPOfyHYcFb9+hdkqQkR9bdnkJ0AMZhke0oesPqIO+mFFJ+IdBc7mst4IA==",
        "dependencies": {}
      },
      "os-tmpdir@1.0.2": {
        "integrity": "sha512-D2FR03Vir7FIu45XBY20mTb+/ZSWB00sjU9jdQXt83gDrI4Ztz5Fs7/yy74g2N5SVQY4xY1qDr4rNddwYRVX0g==",
        "dependencies": {}
      },
      "run-async@3.0.0": {
        "integrity": "sha512-540WwVDOMxA6dN6We19EcT9sc3hkXPw5mzRNGM3FkdN/vtE9NFvj5lFAPNwUDmJjXidm3v7TC1cTE7t17Ulm1Q==",
        "dependencies": {}
      },
      "safer-buffer@2.1.2": {
        "integrity": "sha512-YZo3K82SD7Riyi0E1EQPojLz7kpepnSQI9IyPbHHg1XXXevb5dJI7tpyN2ADxGcQbHG7vcyRHk0cbwqcQriUtg==",
        "dependencies": {}
      },
      "siginfo@2.0.0": {
        "integrity": "sha512-ybx0WO1/8bSBLEWXZvEd7gMW3Sn3JFlW3TvX1nREbDLRNQNaeNN8WK0meBwPdAaOI7TtRRRJn/Es1zhrrCHu7g==",
        "dependencies": {}
      },
      "stackback@0.0.2": {
        "integrity": "sha512-1XMJE5fQo1jGH6Y/7ebnwPOBEkIEnT4QF32d5R1+VXdXveM0IBMJt8zfaxX1P3QhVwrYe+576+jkANtSS2mBbw==",
        "dependencies": {}
      },
      "string-width@4.2.3": {
        "integrity": "sha512-wKyQRQpjJ0sIp62ErSZdGsjMJWsap5oRNihHhu6G7JVO/9jIB6UyevL+tXuOqrng8j/cxKTWyWUwvSTriiZz/g==",
        "dependencies": {
          "emoji-regex": "emoji-regex@8.0.0",
          "is-fullwidth-code-point": "is-fullwidth-code-point@3.0.0",
          "strip-ansi": "strip-ansi@6.0.1"
        }
      },
      "strip-ansi@6.0.1": {
        "integrity": "sha512-Y38VPSHcqkFrCpFnQ9vuSXmquuv5oXOKpGeT6aGrr3o3Gc9AlVa6JBfUSOCnbxGGZF+/0ooI7KrPuUSztUdU5A==",
        "dependencies": {
          "ansi-regex": "ansi-regex@5.0.1"
        }
      },
      "supports-color@7.2.0": {
        "integrity": "sha512-qpCAvRl9stuOHveKsn7HncJRvv501qIacKzQlO/+Lwxc9+0q2wLyv4Dfvt80/DPn2pqOBsJdDiogXGR9+OvwRw==",
        "dependencies": {
          "has-flag": "has-flag@4.0.0"
        }
      },
      "tmp@0.0.33": {
        "integrity": "sha512-jRCJlojKnZ3addtTOjdIqoRuPEKBvNXcGYqzO6zWZX8KfKEpnGY5jfggJQ3EjKuu8D4bJRr0y+cYJFmYbImXGw==",
        "dependencies": {
          "os-tmpdir": "os-tmpdir@1.0.2"
        }
      },
      "type-fest@0.21.3": {
        "integrity": "sha512-t0rzBq87m3fVcduHDUFhKmyyX+9eo6WQjZvf51Ea/M0Q7+T374Jp1aUiyUl0GKxp8M/OETVHSDvmkyPgvX+X2w==",
        "dependencies": {}
      },
      "why-is-node-running@2.2.2": {
        "integrity": "sha512-6tSwToZxTOcotxHeA+qGCq1mVzKR3CwcJGmVcY+QE8SHy6TnpFnh8PAvPNHYr7EcuVeG0QSMxtYCuO1ta/G/oA==",
        "dependencies": {
          "siginfo": "siginfo@2.0.0",
          "stackback": "stackback@0.0.2"
        }
      },
      "wrap-ansi@6.2.0": {
        "integrity": "sha512-r6lPcBGxZXlIcymEu7InxDMhdW0KDxpLgoFLcguasxCaJ/SOIZwINatK9KY/tf+ZrlywOKU0UDj3ATXUBfxJXA==",
        "dependencies": {
          "ansi-styles": "ansi-styles@4.3.0",
          "string-width": "string-width@4.2.3",
          "strip-ansi": "strip-ansi@6.0.1"
        }
      }
    }
  }
}
